{
  "name": "calculator-test",
  "version": "1.0.0",
  "lockfileVersion": 1,
  "requires": true,
  "dependencies": {
    "underscore": {
      "version": "1.10.2",
      "resolved": "https://registry.npmjs.org/underscore/-/underscore-1.10.2.tgz",
      "integrity": "sha512-N4P+Q/BuyuEKFJ43B9gYuOj4TQUHXX+j2FqguVOpjkssLUUrnJofCcBccJSCoeturDoZU6GorDTHSvUDlSQbTg=="
    },
    "usman-calculator": {
      "version": "2.0.0",
      "resolved": "https://registry.npmjs.org/usman-calculator/-/usman-calculator-2.0.0.tgz",
      "integrity": "sha512-aYIeGuYu9zK5EMMKnmZHy2R0qztik00ruzwlJ9Av8L8JlVQz4vQT+DdZ9Z46MFMUNTATIISXZcvjM200YBijWw=="
    }
  }
}
